# This file is automatically @generated by Cargo.
# It is not intended for manual editing.
version = 4

[[package]]
name = "allocator-api2"
version = "0.3.1"
source = "registry+https://github.com/rust-lang/crates.io-index"
checksum = "c583acf993cf4245c4acb0a2cc2ab1f9cc097de73411bb6d3647ff6af2b1013d"

[[package]]
name = "cfg-if"
version = "1.0.4"
source = "registry+https://github.com/rust-lang/crates.io-index"
checksum = "9330f8b2ff13f34540b44e946ef35111825727b38d33286ef986142615121801"

[[package]]
name = "critical-section"
version = "1.2.0"
source = "registry+https://github.com/rust-lang/crates.io-index"
checksum = "790eea4361631c5e7d22598ecd5723ff611904e3344ce8720784c93e3d83d40b"

[[package]]
name = "crunchy"
version = "0.2.4"
source = "registry+https://github.com/rust-lang/crates.io-index"
checksum = "460fbee9c2c2f33933d720630a6a0bac33ba7053db5344fac858d4b8952d77d5"

[[package]]
name = "darling"
version = "0.21.3"
source = "registry+https://github.com/rust-lang/crates.io-index"
checksum = "9cdf337090841a411e2a7f3deb9187445851f91b309c0c0a29e05f74a00a48c0"
dependencies = [
 "darling_core",
 "darling_macro",
]

[[package]]
name = "darling_core"
version = "0.21.3"
source = "registry+https://github.com/rust-lang/crates.io-index"
checksum = "1247195ecd7e3c85f83c8d2a366e4210d588e802133e1e355180a9870b517ea4"
dependencies = [
 "fnv",
 "ident_case",
 "proc-macro2",
 "quote",
 "syn",
]

[[package]]
name = "darling_macro"
version = "0.21.3"
source = "registry+https://github.com/rust-lang/crates.io-index"
checksum = "d38308df82d1080de0afee5d069fa14b0326a88c14f15c5ccda35b4a6c414c81"
dependencies = [
 "darling_core",
 "quote",
 "syn",
]

[[package]]
name = "document-features"
version = "0.2.12"
source = "registry+https://github.com/rust-lang/crates.io-index"
checksum = "d4b8a88685455ed29a21542a33abd9cb6510b6b129abadabdcef0f4c55bc8f61"
dependencies = [
 "litrs",
]

[[package]]
name = "enumset"
version = "1.1.12"
source = "registry+https://github.com/rust-lang/crates.io-index"
checksum = "7f96a4a12fe60ac746ae295a1a4ecb5bb02debc20856506c8635288065f142de"
dependencies = [
 "enumset_derive",
]

[[package]]
name = "enumset_derive"
version = "0.15.0"
source = "registry+https://github.com/rust-lang/crates.io-index"
checksum = "4bd536557b58c682b217b8fb199afdff47cd3eff260623f19e77074eb073d63a"
dependencies = [
 "darling",
 "proc-macro2",
 "quote",
 "syn",
]

[[package]]
name = "esp-alloc"
version = "0.8.0"
source = "registry+https://github.com/rust-lang/crates.io-index"
checksum = "7e95f1de57ce5a6600368f3d3c931b0dfe00501661e96f5ab83bc5cdee031784"
dependencies = [
 "allocator-api2",
 "cfg-if",
 "critical-section",
 "document-features",
 "enumset",
 "linked_list_allocator",
]

[[package]]
name = "fnv"
version = "1.0.7"
source = "registry+https://github.com/rust-lang/crates.io-index"
checksum = "3f9eec918d3f24069decb9af1554cad7c880e2da24a9afd88aca000531ab82c1"

[[package]]
name = "half"
version = "2.7.1"
source = "registry+https://github.com/rust-lang/crates.io-index"
checksum = "6ea2d84b969582b4b1864a92dc5d27cd2b77b622a8d79306834f1be5ba20d84b"
dependencies = [
 "cfg-if",
 "crunchy",
 "zerocopy",
]

[[package]]
name = "ident_case"
version = "1.0.1"
source = "registry+https://github.com/rust-lang/crates.io-index"
checksum = "b9e0384b61958566e926dc50660321d12159025e767c18e043daf26b70104c39"

[[package]]
name = "libm"
version = "0.2.16"
source = "registry+https://github.com/rust-lang/crates.io-index"
checksum = "b6d2cec3eae94f9f509c767b45932f1ada8350c4bdb85af2fcab4a3c14807981"

[[package]]
name = "linked_list_allocator"
version = "0.10.6"
source = "registry+https://github.com/rust-lang/crates.io-index"
checksum = "2b23ac50abb8261cb38c6e2a7192d3302e0836dac1628f6a93b82b4fad185897"

[[package]]
name = "litrs"
version = "1.0.0"
source = "registry+https://github.com/rust-lang/crates.io-index"
checksum = "11d3d7f243d5c5a8b9bb5d6dd2b1602c0cb0b9db1621bafc7ed66e35ff9fe092"

[[package]]
name = "proc-macro2"
version = "1.0.106"
source = "registry+https://github.com/rust-lang/crates.io-index"
checksum = "8fd00f0bb2e90d81d1044c2b32617f68fcb9fa3bb7640c23e9c748e53fb30934"
dependencies = [
 "unicode-ident",
]

[[package]]
name = "quote"
version = "1.0.45"
source = "registry+https://github.com/rust-lang/crates.io-index"
checksum = "41f2619966050689382d2b44f664f4bc593e129785a36d6ee376ddf37259b924"
dependencies = [
 "proc-macro2",
]

[[package]]
name = "ruv_temporal"
version = "0.1.0"
dependencies = [
 "critical-section",
 "esp-alloc",
 "ruvllm_sparse_attention",
]

[[package]]
name = "ruvllm_sparse_attention"
version = "0.1.1"
dependencies = [
 "half",
 "libm",
]

[[package]]
name = "syn"
version = "2.0.117"
source = "registry+https://github.com/rust-lang/crates.io-index"
checksum = "e665b8803e7b1d2a727f4023456bbbbe74da67099c585258af0ad9c5013b9b99"
dependencies = [
 "proc-macro2",
 "quote",
 "unicode-ident",
]

[[package]]
name = "unicode-ident"
version = "1.0.24"
source = "registry+https://github.com/rust-lang/crates.io-index"
checksum = "e6e4313cd5fcd3dad5cafa179702e2b244f760991f45397d14d4ebf38247da75"

[[package]]
name = "zerocopy"
version = "0.8.48"
source = "registry+https://github.com/rust-lang/crates.io-index"
checksum = "eed437bf9d6692032087e337407a86f04cd8d6a16a37199ed57949d415bd68e9"
dependencies = [
 "zerocopy-derive",
]

[[package]]
name = "zerocopy-derive"
version = "0.8.48"
source = "registry+https://github.com/rust-lang/crates.io-index"
checksum = "70e3cd084b1788766f53af483dd21f93881ff30d7320490ec3ef7526d203bad4"
dependencies = [
 "proc-macro2",
 "quote",
 "syn",
]
